<?xml version="1.0" encoding="utf-8"?>
<Project xmlns="http://schemas.microsoft.com/developer/msbuild/2003">
  <ItemGroup>
    <Filter Include="Form Files">
      <UniqueIdentifier>{99349809-55BA-4b9d-BF79-8FDBB0286EB3}</UniqueIdentifier>
      <Extensions>ui</Extensions>
      <ParseFiles>false</ParseFiles>
    </Filter>
    <Filter Include="Generated Files">
      <UniqueIdentifier>{71ED8ED8-ACB9-4CE9-BBE1-E00B30144E11}</UniqueIdentifier>
      <Extensions>cpp;c;cxx;moc;h;def;odl;idl;res;</Extensions>
    </Filter>
    <Filter Include="Header Files">
      <UniqueIdentifier>{93995380-89BD-4b04-88EB-625FBE52EBFB}</UniqueIdentifier>
      <Extensions>h;hpp;hxx;hm;inl;inc;xsd</Extensions>
    </Filter>
    <Filter Include="Source Files">
      <UniqueIdentifier>{4FC737F1-C7A5-4376-A066-2A32D752A2FF}</UniqueIdentifier>
      <Extensions>cpp;c;cxx;def;odl;idl;hpj;bat;asm;asmx</Extensions>
    </Filter>
    <Filter Include="Translation Files">
      <UniqueIdentifier>{639EADAA-A684-42e4-A9AD-28FC9BCB8F7C}</UniqueIdentifier>
      <Extensions>ts;xlf</Extensions>
      <ParseFiles>false</ParseFiles>
    </Filter>
    <Filter Include="builds" />
    <Filter Include="debug" />
    <Filter Include="release" />
    <Filter Include="src" />
    <Filter Include="src\breakpad" />
    <Filter Include="src\breakpad\client" />
    <Filter Include="src\breakpad\client\windows" />
    <Filter Include="src\breakpad\client\windows\crash_generation" />
    <Filter Include="src\breakpad\client\windows\handler" />
    <Filter Include="src\breakpad\common" />
    <Filter Include="src\breakpad\common\windows" />
    <Filter Include="src\client" />
    <Filter Include="src\core" />
    <Filter Include="src\core\audio">
      <UniqueIdentifier>{9347f6b7-2b0b-4824-b2c4-454371ef7656}</UniqueIdentifier>
    </Filter>
    <Filter Include="src\dialog" />
    <Filter Include="src\lua" />
    <Filter Include="src\package" />
    <Filter Include="src\scenario" />
    <Filter Include="src\server" />
    <Filter Include="src\ui" />
    <Filter Include="src\util" />
    <Filter Include="src\resdialog" />
    <Filter Include="swig" />
  </ItemGroup>
  <ItemGroup>
    <ClCompile Include="src\breakpad\client\windows\crash_generation\client_info.cc">
      <Filter>src\breakpad\client\windows\crash_generation</Filter>
    </ClCompile>
    <ClCompile Include="src\core\audio.cpp">
      <Filter>src\core\audio</Filter>
    </ClCompile>
    <ClCompile Include="src\core\common.cpp">
      <Filter>src\core\audio</Filter>
    </ClCompile>
    <ClCompile Include="src\core\common_platform.cpp">
      <Filter>src\core\audio</Filter>
    </ClCompile>
    <ClCompile Include="src\pch.h.cpp" />
  </ItemGroup>
  <ItemGroup>
    <ClCompile Include="src\breakpad\client\windows\crash_generation\crash_generation_client.cc">
      <Filter>src\breakpad\client\windows\crash_generation</Filter>
    </ClCompile>
  </ItemGroup>
  <ItemGroup>
    <ClCompile Include="src\breakpad\client\windows\crash_generation\crash_generation_server.cc">
      <Filter>src\breakpad\client\windows\crash_generation</Filter>
    </ClCompile>
  </ItemGroup>
  <ItemGroup>
    <ClCompile Include="src\breakpad\client\windows\crash_generation\minidump_generator.cc">
      <Filter>src\breakpad\client\windows\crash_generation</Filter>
    </ClCompile>
  </ItemGroup>
  <ItemGroup>
    <ClCompile Include="src\breakpad\client\windows\handler\exception_handler.cc">
      <Filter>src\breakpad\client\windows\handler</Filter>
    </ClCompile>
  </ItemGroup>
  <ItemGroup>
    <ClCompile Include="src\breakpad\common\windows\guid_string.cc">
      <Filter>src\breakpad\common\windows</Filter>
    </ClCompile>
  </ItemGroup>
  <ItemGroup>
    <ClCompile Include="src\client\aux-skills.cpp">
      <Filter>src\client</Filter>
    </ClCompile>
  </ItemGroup>
  <ItemGroup>
    <ClCompile Include="src\client\client.cpp">
      <Filter>src\client</Filter>
    </ClCompile>
  </ItemGroup>
  <ItemGroup>
    <ClCompile Include="src\client\clientplayer.cpp">
      <Filter>src\client</Filter>
    </ClCompile>
  </ItemGroup>
  <ItemGroup>
    <ClCompile Include="src\client\clientstruct.cpp">
      <Filter>src\client</Filter>
    </ClCompile>
  </ItemGroup>
  <ItemGroup>
    <ClCompile Include="src\core\banpair.cpp">
      <Filter>src\core</Filter>
    </ClCompile>
  </ItemGroup>
  <ItemGroup>
    <ClCompile Include="src\core\card.cpp">
      <Filter>src\core</Filter>
    </ClCompile>
  </ItemGroup>
  <ItemGroup>
    <ClCompile Include="src\core\engine.cpp">
      <Filter>src\core</Filter>
    </ClCompile>
  </ItemGroup>
  <ItemGroup>
    <ClCompile Include="src\core\general.cpp">
      <Filter>src\core</Filter>
    </ClCompile>
  </ItemGroup>
  <ItemGroup>
    <ClCompile Include="src\core\json.cpp">
      <Filter>src\core</Filter>
    </ClCompile>
  </ItemGroup>
  <ItemGroup>
    <ClCompile Include="src\core\lua-wrapper.cpp">
      <Filter>src\core</Filter>
    </ClCompile>
  </ItemGroup>
  <ItemGroup>
    <ClCompile Include="src\core\player.cpp">
      <Filter>src\core</Filter>
    </ClCompile>
  </ItemGroup>
  <ItemGroup>
    <ClCompile Include="src\core\protocol.cpp">
      <Filter>src\core</Filter>
    </ClCompile>
  </ItemGroup>
  <ItemGroup>
    <ClCompile Include="src\core\record-analysis.cpp">
      <Filter>src\core</Filter>
    </ClCompile>
  </ItemGroup>
  <ItemGroup>
    <ClCompile Include="src\core\room-state.cpp">
      <Filter>src\core</Filter>
    </ClCompile>
  </ItemGroup>
  <ItemGroup>
    <ClCompile Include="src\core\settings.cpp">
      <Filter>src\core</Filter>
    </ClCompile>
  </ItemGroup>
  <ItemGroup>
    <ClCompile Include="src\core\skill.cpp">
      <Filter>src\core</Filter>
    </ClCompile>
  </ItemGroup>
  <ItemGroup>
    <ClCompile Include="src\core\structs.cpp">
      <Filter>src\core</Filter>
    </ClCompile>
  </ItemGroup>
  <ItemGroup>
    <ClCompile Include="src\core\util.cpp">
      <Filter>src\core</Filter>
    </ClCompile>
  </ItemGroup>
  <ItemGroup>
    <ClCompile Include="src\core\wrapped-card.cpp">
      <Filter>src\core</Filter>
    </ClCompile>
  </ItemGroup>
  <ItemGroup>
    <ClCompile Include="src\dialog\banipdialog.cpp">
      <Filter>src\dialog</Filter>
    </ClCompile>
  </ItemGroup>
  <ItemGroup>
    <ClCompile Include="src\dialog\cardeditor.cpp">
      <Filter>src\dialog</Filter>
    </ClCompile>
  </ItemGroup>
  <ItemGroup>
    <ClCompile Include="src\dialog\cardoverview.cpp">
      <Filter>src\dialog</Filter>
    </ClCompile>
  </ItemGroup>
  <ItemGroup>
    <ClCompile Include="src\dialog\choosegeneraldialog.cpp">
      <Filter>src\dialog</Filter>
    </ClCompile>
  </ItemGroup>
  <ItemGroup>
    <ClCompile Include="src\dialog\configdialog.cpp">
      <Filter>src\dialog</Filter>
    </ClCompile>
  </ItemGroup>
  <ItemGroup>
    <ClCompile Include="src\dialog\connectiondialog.cpp">
      <Filter>src\dialog</Filter>
    </ClCompile>
  </ItemGroup>
  <ItemGroup>
    <ClCompile Include="src\dialog\customassigndialog.cpp">
      <Filter>src\dialog</Filter>
    </ClCompile>
  </ItemGroup>
  <ItemGroup>
    <ClCompile Include="src\dialog\dialogslsettings.cpp">
      <Filter>src\dialog</Filter>
    </ClCompile>
  </ItemGroup>
  <ItemGroup>
    <ClCompile Include="src\dialog\distanceviewdialog.cpp">
      <Filter>src\dialog</Filter>
    </ClCompile>
  </ItemGroup>
  <ItemGroup>
    <ClCompile Include="src\dialog\generaloverview.cpp">
      <Filter>src\dialog</Filter>
    </ClCompile>
  </ItemGroup>
  <ItemGroup>
    <ClCompile Include="src\dialog\mainwindow.cpp">
      <Filter>src\dialog</Filter>
    </ClCompile>
  </ItemGroup>
  <ItemGroup>
    <ClCompile Include="src\dialog\mainwindowserverlist.cpp">
      <Filter>src\dialog</Filter>
    </ClCompile>
  </ItemGroup>
  <ItemGroup>
    <ClCompile Include="src\dialog\playercarddialog.cpp">
      <Filter>src\dialog</Filter>
    </ClCompile>
  </ItemGroup>
  <ItemGroup>
    <ClCompile Include="src\dialog\roleassigndialog.cpp">
      <Filter>src\dialog</Filter>
    </ClCompile>
  </ItemGroup>
  <ItemGroup>
    <ClCompile Include="src\dialog\scenario-overview.cpp">
      <Filter>src\dialog</Filter>
    </ClCompile>
  </ItemGroup>
  <ItemGroup>
    <ClCompile Include="src\lua\lapi.c">
      <Filter>src\lua</Filter>
    </ClCompile>
  </ItemGroup>
  <ItemGroup>
    <ClCompile Include="src\lua\lauxlib.c">
      <Filter>src\lua</Filter>
    </ClCompile>
  </ItemGroup>
  <ItemGroup>
    <ClCompile Include="src\lua\lbaselib.c">
      <Filter>src\lua</Filter>
    </ClCompile>
  </ItemGroup>
  <ItemGroup>
    <ClCompile Include="src\lua\lbitlib.c">
      <Filter>src\lua</Filter>
    </ClCompile>
  </ItemGroup>
  <ItemGroup>
    <ClCompile Include="src\lua\lcode.c">
      <Filter>src\lua</Filter>
    </ClCompile>
  </ItemGroup>
  <ItemGroup>
    <ClCompile Include="src\lua\lcorolib.c">
      <Filter>src\lua</Filter>
    </ClCompile>
  </ItemGroup>
  <ItemGroup>
    <ClCompile Include="src\lua\lctype.c">
      <Filter>src\lua</Filter>
    </ClCompile>
  </ItemGroup>
  <ItemGroup>
    <ClCompile Include="src\lua\ldblib.c">
      <Filter>src\lua</Filter>
    </ClCompile>
  </ItemGroup>
  <ItemGroup>
    <ClCompile Include="src\lua\ldebug.c">
      <Filter>src\lua</Filter>
    </ClCompile>
  </ItemGroup>
  <ItemGroup>
    <ClCompile Include="src\lua\ldo.c">
      <Filter>src\lua</Filter>
    </ClCompile>
  </ItemGroup>
  <ItemGroup>
    <ClCompile Include="src\lua\ldump.c">
      <Filter>src\lua</Filter>
    </ClCompile>
  </ItemGroup>
  <ItemGroup>
    <ClCompile Include="src\lua\lfunc.c">
      <Filter>src\lua</Filter>
    </ClCompile>
  </ItemGroup>
  <ItemGroup>
    <ClCompile Include="src\lua\lgc.c">
      <Filter>src\lua</Filter>
    </ClCompile>
  </ItemGroup>
  <ItemGroup>
    <ClCompile Include="src\lua\linit.c">
      <Filter>src\lua</Filter>
    </ClCompile>
  </ItemGroup>
  <ItemGroup>
    <ClCompile Include="src\lua\liolib.c">
      <Filter>src\lua</Filter>
    </ClCompile>
  </ItemGroup>
  <ItemGroup>
    <ClCompile Include="src\lua\llex.c">
      <Filter>src\lua</Filter>
    </ClCompile>
  </ItemGroup>
  <ItemGroup>
    <ClCompile Include="src\lua\lmathlib.c">
      <Filter>src\lua</Filter>
    </ClCompile>
  </ItemGroup>
  <ItemGroup>
    <ClCompile Include="src\lua\lmem.c">
      <Filter>src\lua</Filter>
    </ClCompile>
  </ItemGroup>
  <ItemGroup>
    <ClCompile Include="src\lua\loadlib.c">
      <Filter>src\lua</Filter>
    </ClCompile>
  </ItemGroup>
  <ItemGroup>
    <ClCompile Include="src\lua\lobject.c">
      <Filter>src\lua</Filter>
    </ClCompile>
  </ItemGroup>
  <ItemGroup>
    <ClCompile Include="src\lua\lopcodes.c">
      <Filter>src\lua</Filter>
    </ClCompile>
  </ItemGroup>
  <ItemGroup>
    <ClCompile Include="src\lua\loslib.c">
      <Filter>src\lua</Filter>
    </ClCompile>
  </ItemGroup>
  <ItemGroup>
    <ClCompile Include="src\lua\lparser.c">
      <Filter>src\lua</Filter>
    </ClCompile>
  </ItemGroup>
  <ItemGroup>
    <ClCompile Include="src\lua\lstate.c">
      <Filter>src\lua</Filter>
    </ClCompile>
  </ItemGroup>
  <ItemGroup>
    <ClCompile Include="src\lua\lstring.c">
      <Filter>src\lua</Filter>
    </ClCompile>
  </ItemGroup>
  <ItemGroup>
    <ClCompile Include="src\lua\lstrlib.c">
      <Filter>src\lua</Filter>
    </ClCompile>
  </ItemGroup>
  <ItemGroup>
    <ClCompile Include="src\lua\ltable.c">
      <Filter>src\lua</Filter>
    </ClCompile>
  </ItemGroup>
  <ItemGroup>
    <ClCompile Include="src\lua\ltablib.c">
      <Filter>src\lua</Filter>
    </ClCompile>
  </ItemGroup>
  <ItemGroup>
    <ClCompile Include="src\lua\ltm.c">
      <Filter>src\lua</Filter>
    </ClCompile>
  </ItemGroup>
  <ItemGroup>
    <ClCompile Include="src\lua\lundump.c">
      <Filter>src\lua</Filter>
    </ClCompile>
  </ItemGroup>
  <ItemGroup>
    <ClCompile Include="src\lua\lvm.c">
      <Filter>src\lua</Filter>
    </ClCompile>
  </ItemGroup>
  <ItemGroup>
    <ClCompile Include="src\lua\lzio.c">
      <Filter>src\lua</Filter>
    </ClCompile>
  </ItemGroup>
  <ItemGroup>
    <ClCompile Include="src\package\assassins.cpp">
      <Filter>src\package</Filter>
    </ClCompile>
  </ItemGroup>
  <ItemGroup>
    <ClCompile Include="src\package\bgm.cpp">
      <Filter>src\package</Filter>
    </ClCompile>
  </ItemGroup>
  <ItemGroup>
    <ClCompile Include="src\package\boss.cpp">
      <Filter>src\package</Filter>
    </ClCompile>
  </ItemGroup>
  <ItemGroup>
    <ClCompile Include="src\package\exppattern.cpp">
      <Filter>src\package</Filter>
    </ClCompile>
  </ItemGroup>
  <ItemGroup>
    <ClCompile Include="src\package\fire.cpp">
      <Filter>src\package</Filter>
    </ClCompile>
  </ItemGroup>
  <ItemGroup>
    <ClCompile Include="src\package\god.cpp">
      <Filter>src\package</Filter>
    </ClCompile>
  </ItemGroup>
  <ItemGroup>
    <ClCompile Include="src\package\h-formation.cpp">
      <Filter>src\package</Filter>
    </ClCompile>
  </ItemGroup>
  <ItemGroup>
    <ClCompile Include="src\package\h-momentum.cpp">
      <Filter>src\package</Filter>
    </ClCompile>
  </ItemGroup>
  <ItemGroup>
    <ClCompile Include="src\package\hegemony.cpp">
      <Filter>src\package</Filter>
    </ClCompile>
  </ItemGroup>
  <ItemGroup>
    <ClCompile Include="src\package\jiange-defense.cpp">
      <Filter>src\package</Filter>
    </ClCompile>
  </ItemGroup>
  <ItemGroup>
    <ClCompile Include="src\package\joy.cpp">
      <Filter>src\package</Filter>
    </ClCompile>
  </ItemGroup>
  <ItemGroup>
    <ClCompile Include="src\package\jsp.cpp">
      <Filter>src\package</Filter>
    </ClCompile>
  </ItemGroup>
  <ItemGroup>
    <ClCompile Include="src\package\ling.cpp">
      <Filter>src\package</Filter>
    </ClCompile>
  </ItemGroup>
  <ItemGroup>
    <ClCompile Include="src\package\maneuvering.cpp">
      <Filter>src\package</Filter>
    </ClCompile>
  </ItemGroup>
  <ItemGroup>
    <ClCompile Include="src\package\mountain.cpp">
      <Filter>src\package</Filter>
    </ClCompile>
  </ItemGroup>
  <ItemGroup>
    <ClCompile Include="src\package\nostalgia.cpp">
      <Filter>src\package</Filter>
    </ClCompile>
  </ItemGroup>
  <ItemGroup>
    <ClCompile Include="src\package\ol.cpp">
      <Filter>src\package</Filter>
    </ClCompile>
  </ItemGroup>
  <ItemGroup>
    <ClCompile Include="src\package\package.cpp">
      <Filter>src\package</Filter>
    </ClCompile>
  </ItemGroup>
  <ItemGroup>
    <ClCompile Include="src\package\sp.cpp">
      <Filter>src\package</Filter>
    </ClCompile>
  </ItemGroup>
  <ItemGroup>
    <ClCompile Include="src\package\special1v1.cpp">
      <Filter>src\package</Filter>
    </ClCompile>
  </ItemGroup>
  <ItemGroup>
    <ClCompile Include="src\package\special3v3.cpp">
      <Filter>src\package</Filter>
    </ClCompile>
  </ItemGroup>
  <ItemGroup>
    <ClCompile Include="src\package\standard-cards.cpp">
      <Filter>src\package</Filter>
    </ClCompile>
  </ItemGroup>
  <ItemGroup>
    <ClCompile Include="src\package\standard-generals.cpp">
      <Filter>src\package</Filter>
    </ClCompile>
  </ItemGroup>
  <ItemGroup>
    <ClCompile Include="src\package\standard-skillcards.cpp">
      <Filter>src\package</Filter>
    </ClCompile>
  </ItemGroup>
  <ItemGroup>
    <ClCompile Include="src\package\standard.cpp">
      <Filter>src\package</Filter>
    </ClCompile>
  </ItemGroup>
  <ItemGroup>
    <ClCompile Include="src\package\thicket.cpp">
      <Filter>src\package</Filter>
    </ClCompile>
  </ItemGroup>
  <ItemGroup>
    <ClCompile Include="src\package\tw.cpp">
      <Filter>src\package</Filter>
    </ClCompile>
  </ItemGroup>
  <ItemGroup>
    <ClCompile Include="src\package\wind.cpp">
      <Filter>src\package</Filter>
    </ClCompile>
  </ItemGroup>
  <ItemGroup>
    <ClCompile Include="src\package\wisdom.cpp">
      <Filter>src\package</Filter>
    </ClCompile>
  </ItemGroup>
  <ItemGroup>
    <ClCompile Include="src\package\yitian.cpp">
      <Filter>src\package</Filter>
    </ClCompile>
  </ItemGroup>
  <ItemGroup>
    <ClCompile Include="src\package\yjcm.cpp">
      <Filter>src\package</Filter>
    </ClCompile>
  </ItemGroup>
  <ItemGroup>
    <ClCompile Include="src\package\yjcm2012.cpp">
      <Filter>src\package</Filter>
    </ClCompile>
  </ItemGroup>
  <ItemGroup>
    <ClCompile Include="src\package\yjcm2013.cpp">
      <Filter>src\package</Filter>
    </ClCompile>
  </ItemGroup>
  <ItemGroup>
    <ClCompile Include="src\package\yjcm2014.cpp">
      <Filter>src\package</Filter>
    </ClCompile>
  </ItemGroup>
  <ItemGroup>
    <ClCompile Include="src\package\yjcm2015.cpp">
      <Filter>src\package</Filter>
    </ClCompile>
  </ItemGroup>
  <ItemGroup>
    <ClCompile Include="src\scenario\boss-mode-scenario.cpp">
      <Filter>src\scenario</Filter>
    </ClCompile>
  </ItemGroup>
  <ItemGroup>
    <ClCompile Include="src\scenario\couple-scenario.cpp">
      <Filter>src\scenario</Filter>
    </ClCompile>
  </ItemGroup>
  <ItemGroup>
    <ClCompile Include="src\scenario\fancheng-scenario.cpp">
      <Filter>src\scenario</Filter>
    </ClCompile>
  </ItemGroup>
  <ItemGroup>
    <ClCompile Include="src\scenario\guandu-scenario.cpp">
      <Filter>src\scenario</Filter>
    </ClCompile>
  </ItemGroup>
  <ItemGroup>
    <ClCompile Include="src\scenario\miniscenarios.cpp">
      <Filter>src\scenario</Filter>
    </ClCompile>
  </ItemGroup>
  <ItemGroup>
    <ClCompile Include="src\scenario\scenario.cpp">
      <Filter>src\scenario</Filter>
    </ClCompile>
  </ItemGroup>
  <ItemGroup>
    <ClCompile Include="src\scenario\scenerule.cpp">
      <Filter>src\scenario</Filter>
    </ClCompile>
  </ItemGroup>
  <ItemGroup>
    <ClCompile Include="src\scenario\zombie-scenario.cpp">
      <Filter>src\scenario</Filter>
    </ClCompile>
  </ItemGroup>
  <ItemGroup>
    <ClCompile Include="src\server\ai.cpp">
      <Filter>src\server</Filter>
    </ClCompile>
  </ItemGroup>
  <ItemGroup>
    <ClCompile Include="src\server\gamerule.cpp">
      <Filter>src\server</Filter>
    </ClCompile>
  </ItemGroup>
  <ItemGroup>
    <ClCompile Include="src\server\generalselector.cpp">
      <Filter>src\server</Filter>
    </ClCompile>
  </ItemGroup>
  <ItemGroup>
    <ClCompile Include="src\server\qtupnpportmapping.cpp">
      <Filter>src\server</Filter>
    </ClCompile>
  </ItemGroup>
  <ItemGroup>
    <ClCompile Include="src\server\room.cpp">
      <Filter>src\server</Filter>
    </ClCompile>
  </ItemGroup>
  <ItemGroup>
    <ClCompile Include="src\server\roomthread.cpp">
      <Filter>src\server</Filter>
    </ClCompile>
  </ItemGroup>
  <ItemGroup>
    <ClCompile Include="src\server\roomthread1v1.cpp">
      <Filter>src\server</Filter>
    </ClCompile>
  </ItemGroup>
  <ItemGroup>
    <ClCompile Include="src\server\roomthread3v3.cpp">
      <Filter>src\server</Filter>
    </ClCompile>
  </ItemGroup>
  <ItemGroup>
    <ClCompile Include="src\server\roomthreadxmode.cpp">
      <Filter>src\server</Filter>
    </ClCompile>
  </ItemGroup>
  <ItemGroup>
    <ClCompile Include="src\server\server.cpp">
      <Filter>src\server</Filter>
    </ClCompile>
  </ItemGroup>
  <ItemGroup>
    <ClCompile Include="src\server\serverplayer.cpp">
      <Filter>src\server</Filter>
    </ClCompile>
  </ItemGroup>
  <ItemGroup>
    <ClCompile Include="src\ui\bubblechatbox.cpp">
      <Filter>src\ui</Filter>
    </ClCompile>
  </ItemGroup>
  <ItemGroup>
    <ClCompile Include="src\ui\button.cpp">
      <Filter>src\ui</Filter>
    </ClCompile>
  </ItemGroup>
  <ItemGroup>
    <ClCompile Include="src\ui\cardcontainer.cpp">
      <Filter>src\ui</Filter>
    </ClCompile>
  </ItemGroup>
  <ItemGroup>
    <ClCompile Include="src\ui\carditem.cpp">
      <Filter>src\ui</Filter>
    </ClCompile>
  </ItemGroup>
  <ItemGroup>
    <ClCompile Include="src\ui\chatwidget.cpp">
      <Filter>src\ui</Filter>
    </ClCompile>
  </ItemGroup>
  <ItemGroup>
    <ClCompile Include="src\ui\clientlogbox.cpp">
      <Filter>src\ui</Filter>
    </ClCompile>
  </ItemGroup>
  <ItemGroup>
    <ClCompile Include="src\ui\dashboard.cpp">
      <Filter>src\ui</Filter>
    </ClCompile>
  </ItemGroup>
  <ItemGroup>
    <ClCompile Include="src\ui\generic-cardcontainer-ui.cpp">
      <Filter>src\ui</Filter>
    </ClCompile>
  </ItemGroup>
  <ItemGroup>
    <ClCompile Include="src\ui\indicatoritem.cpp">
      <Filter>src\ui</Filter>
    </ClCompile>
  </ItemGroup>
  <ItemGroup>
    <ClCompile Include="src\ui\magatamas-item.cpp">
      <Filter>src\ui</Filter>
    </ClCompile>
  </ItemGroup>
  <ItemGroup>
    <ClCompile Include="src\ui\photo.cpp">
      <Filter>src\ui</Filter>
    </ClCompile>
  </ItemGroup>
  <ItemGroup>
    <ClCompile Include="src\ui\pixmapanimation.cpp">
      <Filter>src\ui</Filter>
    </ClCompile>
  </ItemGroup>
  <ItemGroup>
    <ClCompile Include="src\ui\qsan-selectable-item.cpp">
      <Filter>src\ui</Filter>
    </ClCompile>
  </ItemGroup>
  <ItemGroup>
    <ClCompile Include="src\ui\qsanbutton.cpp">
      <Filter>src\ui</Filter>
    </ClCompile>
  </ItemGroup>
  <ItemGroup>
    <ClCompile Include="src\ui\rolecombobox.cpp">
      <Filter>src\ui</Filter>
    </ClCompile>
  </ItemGroup>
  <ItemGroup>
    <ClCompile Include="src\ui\roomscene.cpp">
      <Filter>src\ui</Filter>
    </ClCompile>
  </ItemGroup>
  <ItemGroup>
    <ClCompile Include="src\ui\skin-bank.cpp">
      <Filter>src\ui</Filter>
    </ClCompile>
  </ItemGroup>
  <ItemGroup>
    <ClCompile Include="src\ui\sprite.cpp">
      <Filter>src\ui</Filter>
    </ClCompile>
  </ItemGroup>
  <ItemGroup>
    <ClCompile Include="src\ui\startscene.cpp">
      <Filter>src\ui</Filter>
    </ClCompile>
  </ItemGroup>
  <ItemGroup>
    <ClCompile Include="src\ui\table-pile.cpp">
      <Filter>src\ui</Filter>
    </ClCompile>
  </ItemGroup>
  <ItemGroup>
    <ClCompile Include="src\ui\timed-progressbar.cpp">
      <Filter>src\ui</Filter>
    </ClCompile>
  </ItemGroup>
  <ItemGroup>
    <ClCompile Include="src\ui\ui-utils.cpp">
      <Filter>src\ui</Filter>
    </ClCompile>
  </ItemGroup>
  <ItemGroup>
    <ClCompile Include="src\ui\window.cpp">
      <Filter>src\ui</Filter>
    </ClCompile>
  </ItemGroup>
  <ItemGroup>
    <ClCompile Include="src\util\detector.cpp">
      <Filter>src\util</Filter>
    </ClCompile>
  </ItemGroup>
  <ItemGroup>
    <ClCompile Include="src\util\nativesocket.cpp">
      <Filter>src\util</Filter>
    </ClCompile>
  </ItemGroup>
  <ItemGroup>
    <ClCompile Include="src\util\recorder.cpp">
      <Filter>src\util</Filter>
    </ClCompile>
  </ItemGroup>
  <ItemGroup>
    <ClCompile Include="src\main.cpp">
      <Filter>src</Filter>
    </ClCompile>
  </ItemGroup>
  <ItemGroup>
    <ClCompile Include="swig\sanguosha_wrap.cxx">
      <Filter>swig</Filter>
    </ClCompile>
  </ItemGroup>
  <ItemGroup>
    <ClInclude Include="src\core\audio.h">
      <Filter>src\core\audio</Filter>
    </ClInclude>
    <ClInclude Include="src\core\banpair.h">
      <Filter>src\core</Filter>
    </ClInclude>
    <ClInclude Include="src\core\compiler-specific.h">
      <Filter>src\core</Filter>
    </ClInclude>
    <ClInclude Include="src\core\defines.h">
      <Filter>src\core</Filter>
    </ClInclude>
    <ClInclude Include="src\core\json.h">
      <Filter>src\core</Filter>
    </ClInclude>
    <ClInclude Include="src\core\protocol.h">
      <Filter>src\core</Filter>
    </ClInclude>
    <ClInclude Include="src\core\room-state.h">
      <Filter>src\core</Filter>
    </ClInclude>
    <ClInclude Include="src\core\structs.h">
      <Filter>src\core</Filter>
    </ClInclude>
    <ClInclude Include="src\core\util.h">
      <Filter>src\core</Filter>
    </ClInclude>
    <ClInclude Include="src\core\common.h">
      <Filter>src\core\audio</Filter>
    </ClInclude>
    <ClInclude Include="src\core\common_platform.h">
      <Filter>src\core\audio</Filter>
    </ClInclude>
    <ClInclude Include="src\package\exppattern.h">
      <Filter>src\package</Filter>
    </ClInclude>
    <ClInclude Include="src\ui\skin-bank.h">
      <Filter>src\ui</Filter>
    </ClInclude>
    <ClInclude Include="src\ui\ui-utils.h">
      <Filter>src\ui</Filter>
    </ClInclude>
    <ClInclude Include="src\breakpad\common\windows\guid_string.h">
      <Filter>src\breakpad\common\windows</Filter>
    </ClInclude>
    <ClInclude Include="src\breakpad\client\windows\crash_generation\client_info.h">
      <Filter>src\breakpad\client\windows\crash_generation</Filter>
    </ClInclude>
    <ClInclude Include="src\breakpad\client\windows\crash_generation\crash_generation_client.h">
      <Filter>src\breakpad\client\windows\crash_generation</Filter>
    </ClInclude>
    <ClInclude Include="src\breakpad\client\windows\crash_generation\crash_generation_server.h">
      <Filter>src\breakpad\client\windows\crash_generation</Filter>
    </ClInclude>
    <ClInclude Include="src\breakpad\client\windows\crash_generation\minidump_generator.h">
      <Filter>src\breakpad\client\windows\crash_generation</Filter>
    </ClInclude>
    <ClInclude Include="src\breakpad\client\windows\handler\exception_handler.h">
      <Filter>src\breakpad\client\windows\handler</Filter>
    </ClInclude>
    <ClInclude Include="src\lua\lapi.h">
      <Filter>src\lua</Filter>
    </ClInclude>
    <ClInclude Include="src\lua\lauxlib.h">
      <Filter>src\lua</Filter>
    </ClInclude>
    <ClInclude Include="src\lua\lcode.h">
      <Filter>src\lua</Filter>
    </ClInclude>
    <ClInclude Include="src\lua\lctype.h">
      <Filter>src\lua</Filter>
    </ClInclude>
    <ClInclude Include="src\lua\ldebug.h">
      <Filter>src\lua</Filter>
    </ClInclude>
    <ClInclude Include="src\lua\ldo.h">
      <Filter>src\lua</Filter>
    </ClInclude>
    <ClInclude Include="src\lua\lfunc.h">
      <Filter>src\lua</Filter>
    </ClInclude>
    <ClInclude Include="src\lua\lgc.h">
      <Filter>src\lua</Filter>
    </ClInclude>
    <ClInclude Include="src\lua\llex.h">
      <Filter>src\lua</Filter>
    </ClInclude>
    <ClInclude Include="src\lua\llimits.h">
      <Filter>src\lua</Filter>
    </ClInclude>
    <ClInclude Include="src\lua\lmem.h">
      <Filter>src\lua</Filter>
    </ClInclude>
    <ClInclude Include="src\lua\lobject.h">
      <Filter>src\lua</Filter>
    </ClInclude>
    <ClInclude Include="src\lua\lopcodes.h">
      <Filter>src\lua</Filter>
    </ClInclude>
    <ClInclude Include="src\lua\lparser.h">
      <Filter>src\lua</Filter>
    </ClInclude>
    <ClInclude Include="src\lua\lstate.h">
      <Filter>src\lua</Filter>
    </ClInclude>
    <ClInclude Include="src\lua\lstring.h">
      <Filter>src\lua</Filter>
    </ClInclude>
    <ClInclude Include="src\lua\ltable.h">
      <Filter>src\lua</Filter>
    </ClInclude>
    <ClInclude Include="src\lua\ltm.h">
      <Filter>src\lua</Filter>
    </ClInclude>
    <ClInclude Include="src\lua\lua.h">
      <Filter>src\lua</Filter>
    </ClInclude>
    <ClInclude Include="src\lua\lua.hpp">
      <Filter>src\lua</Filter>
    </ClInclude>
    <ClInclude Include="src\lua\luaconf.h">
      <Filter>src\lua</Filter>
    </ClInclude>
    <ClInclude Include="src\lua\lualib.h">
      <Filter>src\lua</Filter>
    </ClInclude>
    <ClInclude Include="src\lua\lundump.h">
      <Filter>src\lua</Filter>
    </ClInclude>
    <ClInclude Include="src\lua\lvm.h">
      <Filter>src\lua</Filter>
    </ClInclude>
    <ClInclude Include="src\lua\lzio.h">
      <Filter>src\lua</Filter>
    </ClInclude>
    <ClInclude Include="src\scenario\scenerule.h">
      <Filter>src\scenario</Filter>
    </ClInclude>
  </ItemGroup>
  <ItemGroup>
    <QtMoc Include="src\core\card.h">
      <Filter>src\core</Filter>
    </QtMoc>
    <QtMoc Include="src\core\engine.h">
      <Filter>src\core</Filter>
    </QtMoc>
    <QtMoc Include="src\core\general.h">
      <Filter>src\core</Filter>
    </QtMoc>
    <QtMoc Include="src\core\lua-wrapper.h">
      <Filter>src\core</Filter>
    </QtMoc>
    <QtMoc Include="src\core\player.h">
      <Filter>src\core</Filter>
    </QtMoc>
    <QtMoc Include="src\core\record-analysis.h">
      <Filter>src\core</Filter>
    </QtMoc>
    <QtMoc Include="src\core\settings.h">
      <Filter>src\core</Filter>
    </QtMoc>
    <QtMoc Include="src\core\skill.h">
      <Filter>src\core</Filter>
    </QtMoc>
    <QtMoc Include="src\core\wrapped-card.h">
      <Filter>src\core</Filter>
    </QtMoc>
    <QtMoc Include="src\dialog\banipdialog.h">
      <Filter>src\dialog</Filter>
    </QtMoc>
    <QtMoc Include="src\dialog\cardeditor.h">
      <Filter>src\dialog</Filter>
    </QtMoc>
    <QtMoc Include="src\dialog\cardoverview.h">
      <Filter>src\dialog</Filter>
    </QtMoc>
    <QtMoc Include="src\dialog\choosegeneraldialog.h">
      <Filter>src\dialog</Filter>
    </QtMoc>
    <QtMoc Include="src\dialog\configdialog.h">
      <Filter>src\dialog</Filter>
    </QtMoc>
    <QtMoc Include="src\dialog\connectiondialog.h">
      <Filter>src\dialog</Filter>
    </QtMoc>
    <QtMoc Include="src\dialog\customassigndialog.h">
      <Filter>src\dialog</Filter>
    </QtMoc>
    <QtMoc Include="src\dialog\dialogslsettings.h">
      <Filter>src\dialog</Filter>
    </QtMoc>
    <QtMoc Include="src\dialog\distanceviewdialog.h">
      <Filter>src\dialog</Filter>
    </QtMoc>
    <QtMoc Include="src\dialog\generaloverview.h">
      <Filter>src\dialog</Filter>
    </QtMoc>
    <QtMoc Include="src\dialog\mainwindow.h">
      <Filter>src\dialog</Filter>
    </QtMoc>
    <QtMoc Include="src\dialog\mainwindowserverlist.h">
      <Filter>src\dialog</Filter>
    </QtMoc>
    <QtMoc Include="src\dialog\playercarddialog.h">
      <Filter>src\dialog</Filter>
    </QtMoc>
    <QtMoc Include="src\dialog\roleassigndialog.h">
      <Filter>src\dialog</Filter>
    </QtMoc>
    <QtMoc Include="src\dialog\scenario-overview.h">
      <Filter>src\dialog</Filter>
    </QtMoc>
    <QtMoc Include="src\package\assassins.h">
      <Filter>src\package</Filter>
    </QtMoc>
    <QtMoc Include="src\package\bgm.h">
      <Filter>src\package</Filter>
    </QtMoc>
    <QtMoc Include="src\package\boss.h">
      <Filter>src\package</Filter>
    </QtMoc>
    <QtMoc Include="src\package\fire.h">
      <Filter>src\package</Filter>
    </QtMoc>
    <QtMoc Include="src\package\god.h">
      <Filter>src\package</Filter>
    </QtMoc>
    <QtMoc Include="src\package\hegemony.h">
      <Filter>src\package</Filter>
    </QtMoc>
    <QtMoc Include="src\package\h-formation.h">
      <Filter>src\package</Filter>
    </QtMoc>
    <QtMoc Include="src\package\h-momentum.h">
      <Filter>src\package</Filter>
    </QtMoc>
    <QtMoc Include="src\package\jiange-defense.h">
      <Filter>src\package</Filter>
    </QtMoc>
    <QtMoc Include="src\package\joy.h">
      <Filter>src\package</Filter>
    </QtMoc>
    <QtMoc Include="src\package\jsp.h">
      <Filter>src\package</Filter>
    </QtMoc>
    <QtMoc Include="src\package\ling.h">
      <Filter>src\package</Filter>
    </QtMoc>
    <QtMoc Include="src\package\maneuvering.h">
      <Filter>src\package</Filter>
    </QtMoc>
    <QtMoc Include="src\package\mountain.h">
      <Filter>src\package</Filter>
    </QtMoc>
    <QtMoc Include="src\package\nostalgia.h">
      <Filter>src\package</Filter>
    </QtMoc>
    <QtMoc Include="src\package\ol.h">
      <Filter>src\package</Filter>
    </QtMoc>
    <QtMoc Include="src\package\package.h">
      <Filter>src\package</Filter>
    </QtMoc>
    <QtMoc Include="src\package\sp.h">
      <Filter>src\package</Filter>
    </QtMoc>
    <QtMoc Include="src\package\special1v1.h">
      <Filter>src\package</Filter>
    </QtMoc>
    <QtMoc Include="src\package\special3v3.h">
      <Filter>src\package</Filter>
    </QtMoc>
    <QtMoc Include="src\package\standard.h">
      <Filter>src\package</Filter>
    </QtMoc>
    <QtMoc Include="src\package\standard-equips.h">
      <Filter>src\package</Filter>
    </QtMoc>
    <QtMoc Include="src\package\standard-skillcards.h">
      <Filter>src\package</Filter>
    </QtMoc>
    <QtMoc Include="src\package\thicket.h">
      <Filter>src\package</Filter>
    </QtMoc>
    <QtMoc Include="src\package\tw.h">
      <Filter>src\package</Filter>
    </QtMoc>
    <QtMoc Include="src\package\wind.h">
      <Filter>src\package</Filter>
    </QtMoc>
    <QtMoc Include="src\package\wisdom.h">
      <Filter>src\package</Filter>
    </QtMoc>
    <QtMoc Include="src\package\yitian.h">
      <Filter>src\package</Filter>
    </QtMoc>
    <QtMoc Include="src\package\yjcm.h">
      <Filter>src\package</Filter>
    </QtMoc>
    <QtMoc Include="src\package\yjcm2012.h">
      <Filter>src\package</Filter>
    </QtMoc>
    <QtMoc Include="src\package\yjcm2013.h">
      <Filter>src\package</Filter>
    </QtMoc>
    <QtMoc Include="src\package\yjcm2014.h">
      <Filter>src\package</Filter>
    </QtMoc>
    <QtMoc Include="src\package\yjcm2015.h">
      <Filter>src\package</Filter>
    </QtMoc>
    <QtMoc Include="src\ui\bubblechatbox.h">
      <Filter>src\ui</Filter>
    </QtMoc>
    <QtMoc Include="src\ui\button.h">
      <Filter>src\ui</Filter>
    </QtMoc>
    <QtMoc Include="src\ui\cardcontainer.h">
      <Filter>src\ui</Filter>
    </QtMoc>
    <QtMoc Include="src\ui\carditem.h">
      <Filter>src\ui</Filter>
    </QtMoc>
    <QtMoc Include="src\ui\chatwidget.h">
      <Filter>src\ui</Filter>
    </QtMoc>
    <QtMoc Include="src\ui\clientlogbox.h">
      <Filter>src\ui</Filter>
    </QtMoc>
    <QtMoc Include="src\ui\dashboard.h">
      <Filter>src\ui</Filter>
    </QtMoc>
    <QtMoc Include="src\ui\generic-cardcontainer-ui.h">
      <Filter>src\ui</Filter>
    </QtMoc>
    <QtMoc Include="src\ui\indicatoritem.h">
      <Filter>src\ui</Filter>
    </QtMoc>
    <QtMoc Include="src\ui\magatamas-item.h">
      <Filter>src\ui</Filter>
    </QtMoc>
    <QtMoc Include="src\ui\photo.h">
      <Filter>src\ui</Filter>
    </QtMoc>
    <QtMoc Include="src\ui\pixmapanimation.h">
      <Filter>src\ui</Filter>
    </QtMoc>
    <QtMoc Include="src\ui\qsanbutton.h">
      <Filter>src\ui</Filter>
    </QtMoc>
    <QtMoc Include="src\ui\qsan-selectable-item.h">
      <Filter>src\ui</Filter>
    </QtMoc>
    <QtMoc Include="src\ui\rolecombobox.h">
      <Filter>src\ui</Filter>
    </QtMoc>
    <QtMoc Include="src\ui\roomscene.h">
      <Filter>src\ui</Filter>
    </QtMoc>
    <QtMoc Include="src\ui\sprite.h">
      <Filter>src\ui</Filter>
    </QtMoc>
    <QtMoc Include="src\ui\startscene.h">
      <Filter>src\ui</Filter>
    </QtMoc>
    <QtMoc Include="src\ui\table-pile.h">
      <Filter>src\ui</Filter>
    </QtMoc>
    <QtMoc Include="src\ui\timed-progressbar.h">
      <Filter>src\ui</Filter>
    </QtMoc>
    <QtMoc Include="src\ui\window.h">
      <Filter>src\ui</Filter>
    </QtMoc>
    <QtMoc Include="src\client\aux-skills.h">
      <Filter>src\client</Filter>
    </QtMoc>
    <QtMoc Include="src\client\client.h">
      <Filter>src\client</Filter>
    </QtMoc>
    <QtMoc Include="src\client\clientplayer.h">
      <Filter>src\client</Filter>
    </QtMoc>
    <QtMoc Include="src\client\clientstruct.h">
      <Filter>src\client</Filter>
    </QtMoc>
    <QtMoc Include="src\scenario\boss-mode-scenario.h">
      <Filter>src\scenario</Filter>
    </QtMoc>
    <QtMoc Include="src\scenario\couple-scenario.h">
      <Filter>src\scenario</Filter>
    </QtMoc>
    <QtMoc Include="src\scenario\fancheng-scenario.h">
      <Filter>src\scenario</Filter>
    </QtMoc>
    <QtMoc Include="src\scenario\guandu-scenario.h">
      <Filter>src\scenario</Filter>
    </QtMoc>
    <QtMoc Include="src\scenario\miniscenarios.h">
      <Filter>src\scenario</Filter>
    </QtMoc>
    <QtMoc Include="src\scenario\scenario.h">
      <Filter>src\scenario</Filter>
    </QtMoc>
    <QtMoc Include="src\scenario\zombie-scenario.h">
      <Filter>src\scenario</Filter>
    </QtMoc>
    <QtMoc Include="src\server\ai.h">
      <Filter>src\server</Filter>
    </QtMoc>
    <QtMoc Include="src\server\gamerule.h">
      <Filter>src\server</Filter>
    </QtMoc>
    <QtMoc Include="src\server\generalselector.h">
      <Filter>src\server</Filter>
    </QtMoc>
    <QtMoc Include="src\server\qtupnpportmapping.h">
      <Filter>src\server</Filter>
    </QtMoc>
    <QtMoc Include="src\server\room.h">
      <Filter>src\server</Filter>
    </QtMoc>
    <QtMoc Include="src\server\roomthread.h">
      <Filter>src\server</Filter>
    </QtMoc>
    <QtMoc Include="src\server\roomthread1v1.h">
      <Filter>src\server</Filter>
    </QtMoc>
    <QtMoc Include="src\server\roomthread3v3.h">
      <Filter>src\server</Filter>
    </QtMoc>
    <QtMoc Include="src\server\roomthreadxmode.h">
      <Filter>src\server</Filter>
    </QtMoc>
    <QtMoc Include="src\server\server.h">
      <Filter>src\server</Filter>
    </QtMoc>
    <QtMoc Include="src\server\serverplayer.h">
      <Filter>src\server</Filter>
    </QtMoc>
    <QtMoc Include="src\util\detector.h">
      <Filter>src\util</Filter>
    </QtMoc>
    <QtMoc Include="src\util\nativesocket.h">
      <Filter>src\util</Filter>
    </QtMoc>
    <QtMoc Include="src\util\recorder.h">
      <Filter>src\util</Filter>
    </QtMoc>
    <QtMoc Include="src\util\socket.h">
      <Filter>src\util</Filter>
    </QtMoc>
  </ItemGroup>
  <ItemGroup>
    <CustomBuild Include="src\pch.h">
      <Filter>src</Filter>
    </CustomBuild>
  </ItemGroup>
  <ItemGroup>
    <ResourceCompile Include="resource\icon.rc" />
  </ItemGroup>
  <ItemGroup>
  </ItemGroup>
  <ItemGroup>
  </ItemGroup>
  <ItemGroup>
  </ItemGroup>
  <ItemGroup>
  </ItemGroup>
  <ItemGroup>
  </ItemGroup>
  <ItemGroup>
  </ItemGroup>
  <ItemGroup>
  </ItemGroup>
  <ItemGroup>
  </ItemGroup>
  <ItemGroup>
  </ItemGroup>
  <ItemGroup>
  </ItemGroup>
  <ItemGroup>
  </ItemGroup>
  <ItemGroup>
  </ItemGroup>
  <ItemGroup>
  </ItemGroup>
  <ItemGroup>
  </ItemGroup>
  <ItemGroup>
  </ItemGroup>
  <ItemGroup>
  </ItemGroup>
  <ItemGroup>
  </ItemGroup>
  <ItemGroup>
  </ItemGroup>
  <ItemGroup>
  </ItemGroup>
  <ItemGroup>
  </ItemGroup>
  <ItemGroup>
  </ItemGroup>
  <ItemGroup>
  </ItemGroup>
  <ItemGroup>
  </ItemGroup>
  <ItemGroup>
  </ItemGroup>
  <ItemGroup>
  </ItemGroup>
  <ItemGroup>
  </ItemGroup>
  <ItemGroup>
  </ItemGroup>
  <ItemGroup>
  </ItemGroup>
  <ItemGroup>
  </ItemGroup>
  <ItemGroup>
  </ItemGroup>
  <ItemGroup>
  </ItemGroup>
  <ItemGroup>
  </ItemGroup>
  <ItemGroup>
  </ItemGroup>
  <ItemGroup>
  </ItemGroup>
  <ItemGroup>
  </ItemGroup>
  <ItemGroup>
  </ItemGroup>
  <ItemGroup>
  </ItemGroup>
  <ItemGroup>
  </ItemGroup>
  <ItemGroup>
  </ItemGroup>
  <ItemGroup>
  </ItemGroup>
  <ItemGroup>
  </ItemGroup>
  <ItemGroup>
  </ItemGroup>
  <ItemGroup>
  </ItemGroup>
  <ItemGroup>
  </ItemGroup>
  <ItemGroup>
  </ItemGroup>
  <ItemGroup>
  </ItemGroup>
  <ItemGroup>
  </ItemGroup>
  <ItemGroup>
  </ItemGroup>
  <ItemGroup>
  </ItemGroup>
  <ItemGroup>
  </ItemGroup>
  <ItemGroup>
  </ItemGroup>
  <ItemGroup>
  </ItemGroup>
  <ItemGroup>
  </ItemGroup>
  <ItemGroup>
  </ItemGroup>
  <ItemGroup>
  </ItemGroup>
  <ItemGroup>
  </ItemGroup>
  <ItemGroup>
  </ItemGroup>
  <ItemGroup>
  </ItemGroup>
  <ItemGroup>
  </ItemGroup>
  <ItemGroup>
    <CustomBuild Include="debug\moc_predefs.h.cbt">
      <Filter>debug</Filter>
    </CustomBuild>
  </ItemGroup>
  <ItemGroup>
  </ItemGroup>
  <ItemGroup>
  </ItemGroup>
  <ItemGroup>
  </ItemGroup>
  <ItemGroup>
  </ItemGroup>
  <ItemGroup>
  </ItemGroup>
  <ItemGroup>
  </ItemGroup>
  <ItemGroup>
  </ItemGroup>
  <ItemGroup>
  </ItemGroup>
  <ItemGroup>
  </ItemGroup>
  <ItemGroup>
  </ItemGroup>
  <ItemGroup>
  </ItemGroup>
  <ItemGroup>
  </ItemGroup>
  <ItemGroup>
  </ItemGroup>
  <ItemGroup>
  </ItemGroup>
  <ItemGroup>
  </ItemGroup>
  <ItemGroup>
  </ItemGroup>
  <ItemGroup>
  </ItemGroup>
  <ItemGroup>
  </ItemGroup>
  <ItemGroup>
  </ItemGroup>
  <ItemGroup>
  </ItemGroup>
  <ItemGroup>
  </ItemGroup>
  <ItemGroup>
  </ItemGroup>
  <ItemGroup>
  </ItemGroup>
  <ItemGroup>
  </ItemGroup>
  <ItemGroup>
  </ItemGroup>
  <ItemGroup>
  </ItemGroup>
  <ItemGroup>
  </ItemGroup>
  <ItemGroup>
  </ItemGroup>
  <ItemGroup>
  </ItemGroup>
  <ItemGroup>
  </ItemGroup>
  <ItemGroup>
  </ItemGroup>
  <ItemGroup>
  </ItemGroup>
  <ItemGroup>
  </ItemGroup>
  <ItemGroup>
  </ItemGroup>
  <ItemGroup>
  </ItemGroup>
  <ItemGroup>
  </ItemGroup>
  <ItemGroup>
  </ItemGroup>
  <ItemGroup>
  </ItemGroup>
  <ItemGroup>
  </ItemGroup>
  <ItemGroup>
  </ItemGroup>
  <ItemGroup>
  </ItemGroup>
  <ItemGroup>
  </ItemGroup>
  <ItemGroup>
  </ItemGroup>
  <ItemGroup>
  </ItemGroup>
  <ItemGroup>
  </ItemGroup>
  <ItemGroup>
  </ItemGroup>
  <ItemGroup>
  </ItemGroup>
  <ItemGroup>
  </ItemGroup>
  <ItemGroup>
  </ItemGroup>
  <ItemGroup>
  </ItemGroup>
  <ItemGroup>
  </ItemGroup>
  <ItemGroup>
  </ItemGroup>
  <ItemGroup>
  </ItemGroup>
  <ItemGroup>
  </ItemGroup>
  <ItemGroup>
  </ItemGroup>
  <ItemGroup>
  </ItemGroup>
  <ItemGroup>
  </ItemGroup>
  <ItemGroup>
  </ItemGroup>
  <ItemGroup>
  </ItemGroup>
  <ItemGroup>
  </ItemGroup>
  <ItemGroup>
  </ItemGroup>
  <ItemGroup>
  </ItemGroup>
  <ItemGroup>
  </ItemGroup>
  <ItemGroup>
  </ItemGroup>
  <ItemGroup>
  </ItemGroup>
  <ItemGroup>
  </ItemGroup>
  <ItemGroup>
  </ItemGroup>
  <ItemGroup>
  </ItemGroup>
  <ItemGroup>
  </ItemGroup>
  <ItemGroup>
  </ItemGroup>
  <ItemGroup>
  </ItemGroup>
  <ItemGroup>
  </ItemGroup>
  <ItemGroup>
  </ItemGroup>
  <ItemGroup>
  </ItemGroup>
  <ItemGroup>
  </ItemGroup>
  <ItemGroup>
  </ItemGroup>
  <ItemGroup>
  </ItemGroup>
  <ItemGroup>
  </ItemGroup>
  <ItemGroup>
  </ItemGroup>
  <ItemGroup>
  </ItemGroup>
  <ItemGroup>
  </ItemGroup>
  <ItemGroup>
  </ItemGroup>
  <ItemGroup>
  </ItemGroup>
  <ItemGroup>
  </ItemGroup>
  <ItemGroup>
  </ItemGroup>
  <ItemGroup>
  </ItemGroup>
  <ItemGroup>
  </ItemGroup>
  <ItemGroup>
  </ItemGroup>
  <ItemGroup>
  </ItemGroup>
  <ItemGroup>
  </ItemGroup>
  <ItemGroup>
  </ItemGroup>
  <ItemGroup>
  </ItemGroup>
  <ItemGroup>
  </ItemGroup>
  <ItemGroup>
  </ItemGroup>
  <ItemGroup>
  </ItemGroup>
  <ItemGroup>
  </ItemGroup>
  <ItemGroup>
  </ItemGroup>
  <ItemGroup>
  </ItemGroup>
  <ItemGroup>
  </ItemGroup>
  <ItemGroup>
  </ItemGroup>
  <ItemGroup>
  </ItemGroup>
  <ItemGroup>
  </ItemGroup>
  <ItemGroup>
  </ItemGroup>
  <ItemGroup>
  </ItemGroup>
  <ItemGroup>
    <CustomBuild Include="release\moc_predefs.h.cbt">
      <Filter>release</Filter>
    </CustomBuild>
  </ItemGroup>
  <ItemGroup>
  </ItemGroup>
  <ItemGroup>
  </ItemGroup>
  <ItemGroup>
  </ItemGroup>
  <ItemGroup>
  </ItemGroup>
  <ItemGroup>
  </ItemGroup>
  <ItemGroup>
  </ItemGroup>
  <ItemGroup>
  </ItemGroup>
  <ItemGroup>
  </ItemGroup>
  <ItemGroup>
  </ItemGroup>
  <ItemGroup>
  </ItemGroup>
  <ItemGroup>
  </ItemGroup>
  <ItemGroup>
  </ItemGroup>
  <ItemGroup>
  </ItemGroup>
  <ItemGroup>
  </ItemGroup>
  <ItemGroup>
  </ItemGroup>
  <ItemGroup>
  </ItemGroup>
  <ItemGroup>
  </ItemGroup>
  <ItemGroup>
  </ItemGroup>
  <ItemGroup>
  </ItemGroup>
  <ItemGroup>
  </ItemGroup>
  <ItemGroup>
  </ItemGroup>
  <ItemGroup>
  </ItemGroup>
  <ItemGroup>
  </ItemGroup>
  <ItemGroup>
  </ItemGroup>
  <ItemGroup>
  </ItemGroup>
  <ItemGroup>
  </ItemGroup>
  <ItemGroup>
  </ItemGroup>
  <ItemGroup>
  </ItemGroup>
  <ItemGroup>
  </ItemGroup>
  <ItemGroup>
  </ItemGroup>
  <ItemGroup>
  </ItemGroup>
  <ItemGroup>
  </ItemGroup>
  <ItemGroup>
  </ItemGroup>
  <ItemGroup>
  </ItemGroup>
  <ItemGroup>
  </ItemGroup>
  <ItemGroup>
  </ItemGroup>
  <ItemGroup>
  </ItemGroup>
  <ItemGroup>
  </ItemGroup>
  <ItemGroup>
  </ItemGroup>
  <ItemGroup>
  </ItemGroup>
  <ItemGroup>
  </ItemGroup>
  <ItemGroup>
  </ItemGroup>
  <ItemGroup>
  </ItemGroup>
  <ItemGroup>
  </ItemGroup>
  <ItemGroup>
  </ItemGroup>
  <ItemGroup>
  </ItemGroup>
  <ItemGroup>
  </ItemGroup>
  <ItemGroup>
  </ItemGroup>
  <ItemGroup>
  </ItemGroup>
  <ItemGroup>
  </ItemGroup>
  <ItemGroup>
    <None Include="builds\sanguosha.ts">
      <Filter>builds</Filter>
    </None>
  </ItemGroup>
  <ItemGroup>
    <QtUic Include="src\dialog\cardoverview.ui">
      <Filter>src\resdialog</Filter>
    </QtUic>
  </ItemGroup>
  <ItemGroup>
    <QtUic Include="src\dialog\configdialog.ui">
      <Filter>src\resdialog</Filter>
    </QtUic>
  </ItemGroup>
  <ItemGroup>
    <QtUic Include="src\dialog\connectiondialog.ui">
      <Filter>src\resdialog</Filter>
    </QtUic>
  </ItemGroup>
  <ItemGroup>
    <QtUic Include="src\dialog\dialogslsettings.ui">
      <Filter>src\resdialog</Filter>
    </QtUic>
  </ItemGroup>
  <ItemGroup>
    <QtUic Include="src\dialog\generaloverview.ui">
      <Filter>src\resdialog</Filter>
    </QtUic>
  </ItemGroup>
  <ItemGroup>
    <QtUic Include="src\dialog\mainwindow.ui">
      <Filter>src\resdialog</Filter>
    </QtUic>
  </ItemGroup>
  <ItemGroup>
    <QtUic Include="src\dialog\mainwindowserverlist.ui">
      <Filter>src\resdialog</Filter>
    </QtUic>
  </ItemGroup>
</Project>